
Microsoft Visual Studio Solution File, Format Version 12.00
# Visual Studio Version 18
VisualStudioVersion = 18.1.11304.174
MinimumVisualStudioVersion = 10.0.40219.1
Project("{FAE04EC0-301F-11D3-BF4B-00C04F79EFBC}") = "Blob", "Azure 101\Blob.csproj", "{0E207444-01AC-4D8C-BBDD-8B963A2293AF}"
EndProject
Project("{FAE04EC0-301F-11D3-BF4B-00C04F79EFBC}") = "Blob SDKs", "Blob SDKs\Blob SDKs.csproj", "{5F37FFF2-1F3F-4631-B18D-206F504634C3}"
EndProject
Project("{FAE04EC0-301F-11D3-BF4B-00C04F79EFBC}") = "ToDo.API", "Vertical-slice-fullstack-template-master\ToDo.API\ToDo.API.csproj", "{104B4F2F-267E-56DE-BC42-A8A3EFA63411}"
EndProject
Project("{FAE04EC0-301F-11D3-BF4B-00C04F79EFBC}") = "ToDo.Domain", "Vertical-slice-fullstack-template-master\ToDo.Domain\ToDo.Domain.csproj", "{D4057CA5-125B-2645-522D-352DDE42E9CE}"
EndProject
Project("{FAE04EC0-301F-11D3-BF4B-00C04F79EFBC}") = "MLT2-Läxa", "MLT2-Läxa\MLT2-Läxa.csproj", "{C6263FB5-5C4C-47B2-9DEF-88E314DA116E}"
EndProject
Project("{FAE04EC0-301F-11D3-BF4B-00C04F79EFBC}") = "MetodIMolnet", "MetodIMolnet\MetodIMolnet.csproj", "{1B6A1C93-039F-410A-9B3C-A154AA00D0EA}"
EndProject
Project("{FAE04EC0-301F-11D3-BF4B-00C04F79EFBC}") = "ML3 - Configuration manager", "ML3 - Configuration manager\ML3 - Configuration manager.csproj", "{D597AB73-B1C1-4B6A-A804-4AE58B1C3676}"
EndProject
Project("{FAE04EC0-301F-11D3-BF4B-00C04F79EFBC}") = "Moln.A2", "Moln.KeyVault\Moln.A2.csproj", "{0656A3FE-4E60-C2D2-F76F-650660EDCAE0}"
EndProject
Project("{FAE04EC0-301F-11D3-BF4B-00C04F79EFBC}") = "MLT3 Key vault", "MLT3 Key vault\MLT3 Key vault.csproj", "{9AFE1EC8-AB9D-4959-832D-E8D4A478D33B}"
EndProject
Project("{FAE04EC0-301F-11D3-BF4B-00C04F79EFBC}") = "KeyVaultRetrival", "KeyVaultRetrival\KeyVaultRetrival.csproj", "{317718F0-4A3B-404D-A57F-8D21E865F367}"
EndProject
Project("{FAE04EC0-301F-11D3-BF4B-00C04F79EFBC}") = "Consumer", "ServiceBusDemo\Consumer\Consumer.csproj", "{7E2C0559-4DB7-7F5F-9DF9-EBF2BB3B380A}"
EndProject
Project("{FAE04EC0-301F-11D3-BF4B-00C04F79EFBC}") = "Publisher", "ServiceBusDemo\Publisher\Publisher.csproj", "{5311AE65-BF18-77B2-00C8-08FA69C77FE6}"
EndProject
Project("{FAE04EC0-301F-11D3-BF4B-00C04F79EFBC}") = "ViLoggar.App", "ViLoggar.App\ViLoggar.App.csproj", "{9C39DE6F-9318-4D6F-BF07-D5D50287993B}"
EndProject
Project("{FAE04EC0-301F-11D3-BF4B-00C04F79EFBC}") = "AppInsightLargerDemo.App", "AppInsightLargerDemo.App\AppInsightLargerDemo.App.csproj", "{3700FC74-846F-407E-8B6D-5861D3F8E289}"
EndProject
Global
	GlobalSection(SolutionConfigurationPlatforms) = preSolution
		Debug|Any CPU = Debug|Any CPU
		Release|Any CPU = Release|Any CPU
	EndGlobalSection
	GlobalSection(ProjectConfigurationPlatforms) = postSolution
		{0E207444-01AC-4D8C-BBDD-8B963A2293AF}.Debug|Any CPU.ActiveCfg = Debug|Any CPU
		{0E207444-01AC-4D8C-BBDD-8B963A2293AF}.Debug|Any CPU.Build.0 = Debug|Any CPU
		{0E207444-01AC-4D8C-BBDD-8B963A2293AF}.Release|Any CPU.ActiveCfg = Release|Any CPU
		{0E207444-01AC-4D8C-BBDD-8B963A2293AF}.Release|Any CPU.Build.0 = Release|Any CPU
		{5F37FFF2-1F3F-4631-B18D-206F504634C3}.Debug|Any CPU.ActiveCfg = Debug|Any CPU
		{5F37FFF2-1F3F-4631-B18D-206F504634C3}.Debug|Any CPU.Build.0 = Debug|Any CPU
		{5F37FFF2-1F3F-4631-B18D-206F504634C3}.Release|Any CPU.ActiveCfg = Release|Any CPU
		{5F37FFF2-1F3F-4631-B18D-206F504634C3}.Release|Any CPU.Build.0 = Release|Any CPU
		{104B4F2F-267E-56DE-BC42-A8A3EFA63411}.Debug|Any CPU.ActiveCfg = Debug|Any CPU
		{104B4F2F-267E-56DE-BC42-A8A3EFA63411}.Debug|Any CPU.Build.0 = Debug|Any CPU
		{104B4F2F-267E-56DE-BC42-A8A3EFA63411}.Release|Any CPU.ActiveCfg = Release|Any CPU
		{104B4F2F-267E-56DE-BC42-A8A3EFA63411}.Release|Any CPU.Build.0 = Release|Any CPU
		{D4057CA5-125B-2645-522D-352DDE42E9CE}.Debug|Any CPU.ActiveCfg = Debug|Any CPU
		{D4057CA5-125B-2645-522D-352DDE42E9CE}.Debug|Any CPU.Build.0 = Debug|Any CPU
		{D4057CA5-125B-2645-522D-352DDE42E9CE}.Release|Any CPU.ActiveCfg = Release|Any CPU
		{D4057CA5-125B-2645-522D-352DDE42E9CE}.Release|Any CPU.Build.0 = Release|Any CPU
		{C6263FB5-5C4C-47B2-9DEF-88E314DA116E}.Debug|Any CPU.ActiveCfg = Debug|Any CPU
		{C6263FB5-5C4C-47B2-9DEF-88E314DA116E}.Debug|Any CPU.Build.0 = Debug|Any CPU
		{C6263FB5-5C4C-47B2-9DEF-88E314DA116E}.Release|Any CPU.ActiveCfg = Release|Any CPU
		{C6263FB5-5C4C-47B2-9DEF-88E314DA116E}.Release|Any CPU.Build.0 = Release|Any CPU
		{1B6A1C93-039F-410A-9B3C-A154AA00D0EA}.Debug|Any CPU.ActiveCfg = Debug|Any CPU
		{1B6A1C93-039F-410A-9B3C-A154AA00D0EA}.Debug|Any CPU.Build.0 = Debug|Any CPU
		{1B6A1C93-039F-410A-9B3C-A154AA00D0EA}.Release|Any CPU.ActiveCfg = Release|Any CPU
		{1B6A1C93-039F-410A-9B3C-A154AA00D0EA}.Release|Any CPU.Build.0 = Release|Any CPU
		{D597AB73-B1C1-4B6A-A804-4AE58B1C3676}.Debug|Any CPU.ActiveCfg = Debug|Any CPU
		{D597AB73-B1C1-4B6A-A804-4AE58B1C3676}.Debug|Any CPU.Build.0 = Debug|Any CPU
		{D597AB73-B1C1-4B6A-A804-4AE58B1C3676}.Release|Any CPU.ActiveCfg = Release|Any CPU
		{D597AB73-B1C1-4B6A-A804-4AE58B1C3676}.Release|Any CPU.Build.0 = Release|Any CPU
		{0656A3FE-4E60-C2D2-F76F-650660EDCAE0}.Debug|Any CPU.ActiveCfg = Debug|Any CPU
		{0656A3FE-4E60-C2D2-F76F-650660EDCAE0}.Debug|Any CPU.Build.0 = Debug|Any CPU
		{0656A3FE-4E60-C2D2-F76F-650660EDCAE0}.Release|Any CPU.ActiveCfg = Release|Any CPU
		{0656A3FE-4E60-C2D2-F76F-650660EDCAE0}.Release|Any CPU.Build.0 = Release|Any CPU
		{9AFE1EC8-AB9D-4959-832D-E8D4A478D33B}.Debug|Any CPU.ActiveCfg = Debug|Any CPU
		{9AFE1EC8-AB9D-4959-832D-E8D4A478D33B}.Debug|Any CPU.Build.0 = Debug|Any CPU
		{9AFE1EC8-AB9D-4959-832D-E8D4A478D33B}.Release|Any CPU.ActiveCfg = Release|Any CPU
		{9AFE1EC8-AB9D-4959-832D-E8D4A478D33B}.Release|Any CPU.Build.0 = Release|Any CPU
		{317718F0-4A3B-404D-A57F-8D21E865F367}.Debug|Any CPU.ActiveCfg = Debug|Any CPU
		{317718F0-4A3B-404D-A57F-8D21E865F367}.Debug|Any CPU.Build.0 = Debug|Any CPU
		{317718F0-4A3B-404D-A57F-8D21E865F367}.Release|Any CPU.ActiveCfg = Release|Any CPU
		{317718F0-4A3B-404D-A57F-8D21E865F367}.Release|Any CPU.Build.0 = Release|Any CPU
		{7E2C0559-4DB7-7F5F-9DF9-EBF2BB3B380A}.Debug|Any CPU.ActiveCfg = Debug|Any CPU
		{7E2C0559-4DB7-7F5F-9DF9-EBF2BB3B380A}.Debug|Any CPU.Build.0 = Debug|Any CPU
		{7E2C0559-4DB7-7F5F-9DF9-EBF2BB3B380A}.Release|Any CPU.ActiveCfg = Release|Any CPU
		{7E2C0559-4DB7-7F5F-9DF9-EBF2BB3B380A}.Release|Any CPU.Build.0 = Release|Any CPU
		{5311AE65-BF18-77B2-00C8-08FA69C77FE6}.Debug|Any CPU.ActiveCfg = Debug|Any CPU
		{5311AE65-BF18-77B2-00C8-08FA69C77FE6}.Debug|Any CPU.Build.0 = Debug|Any CPU
		{5311AE65-BF18-77B2-00C8-08FA69C77FE6}.Release|Any CPU.ActiveCfg = Release|Any CPU
		{5311AE65-BF18-77B2-00C8-08FA69C77FE6}.Release|Any CPU.Build.0 = Release|Any CPU
		{9C39DE6F-9318-4D6F-BF07-D5D50287993B}.Debug|Any CPU.ActiveCfg = Debug|Any CPU
		{9C39DE6F-9318-4D6F-BF07-D5D50287993B}.Debug|Any CPU.Build.0 = Debug|Any CPU
		{9C39DE6F-9318-4D6F-BF07-D5D50287993B}.Release|Any CPU.ActiveCfg = Release|Any CPU
		{9C39DE6F-9318-4D6F-BF07-D5D50287993B}.Release|Any CPU.Build.0 = Release|Any CPU
		{3700FC74-846F-407E-8B6D-5861D3F8E289}.Debug|Any CPU.ActiveCfg = Debug|Any CPU
		{3700FC74-846F-407E-8B6D-5861D3F8E289}.Debug|Any CPU.Build.0 = Debug|Any CPU
		{3700FC74-846F-407E-8B6D-5861D3F8E289}.Release|Any CPU.ActiveCfg = Release|Any CPU
		{3700FC74-846F-407E-8B6D-5861D3F8E289}.Release|Any CPU.Build.0 = Release|Any CPU
	EndGlobalSection
	GlobalSection(SolutionProperties) = preSolution
		HideSolutionNode = FALSE
	EndGlobalSection
	GlobalSection(ExtensibilityGlobals) = postSolution
		SolutionGuid = {486D598B-F8A5-4ED0-91FB-3B705A80C057}
	EndGlobalSection
EndGlobal
